{
  "name": "file_watch",
  "version": "1.0.0",
  "lockfileVersion": 1,
  "requires": true,
  "dependencies": {
    "logger-debugging": {
      "version": "0.0.3",
      "resolved": "https://registry.npmjs.org/logger-debugging/-/logger-debugging-0.0.3.tgz",
      "integrity": "sha512-6eUh4vRh6AOhP6wwATEhi98WmddxXCRP0LCRKyXjnZ2mNoyPb8YanpZWm8SH7zNM+ed0k1tXx6hmNDg3y1rzvw=="
    }
  }
}
