{
  "name": "file_watch",
  "version": "1.0.0",
  "lockfileVersion": 1,
  "requires": true,
  "dependencies": {
    "logger-debugging": {
      "version": "0.0.3",
      "resolved": "https://registry.npmjs.org/logger-debugging/-/logger-debugging-0.0.3.tgz",
      "integrity": "sha512-6eUh4vRh6AOhP6wwATEhi98WmddxXCRP0LCRKyXjnZ2mNoyPb8YanpZWm8SH7zNM+ed0k1tXx6hmNDg3y1rzvw=="
    },
    "node-watch": {
      "version": "0.6.0",
      "resolved": "https://registry.npmjs.org/node-watch/-/node-watch-0.6.0.tgz",
      "integrity": "sha512-XAgTL05z75ptd7JSVejH1a2Dm1zmXYhuDr9l230Qk6Z7/7GPcnAs/UyJJ4ggsXSvWil8iOzwQLW0zuGUvHpG8g=="
    },
    "pify": {
      "version": "2.3.0",
      "resolved": "https://registry.npmjs.org/pify/-/pify-2.3.0.tgz",
      "integrity": "sha1-7RQaasBDqEnqWISY59yosVMw6Qw="
    },
    "read-cache": {
      "version": "1.0.0",
      "resolved": "https://registry.npmjs.org/read-cache/-/read-cache-1.0.0.tgz",
      "integrity": "sha1-5mTvMRYRZsl1HNvo28+GtftY93Q=",
      "requires": {
        "pify": "^2.3.0"
      }
    }
  }
}
